<?xml version="1.0" encoding="utf-8"?>
<Project ToolsVersion="4.0" xmlns="http://schemas.microsoft.com/developer/msbuild/2003">
  <ItemGroup>
    <Filter Include="Pliki źródłowe">
      <UniqueIdentifier>{4FC737F1-C7A5-4376-A066-2A32D752A2FF}</UniqueIdentifier>
      <Extensions>cpp;c;cc;cxx;def;odl;idl;hpj;bat;asm;asmx</Extensions>
    </Filter>
    <Filter Include="Pliki zasobów">
      <UniqueIdentifier>{67DA6AB6-F800-4c08-8B7A-83BB121AAD01}</UniqueIdentifier>
      <Extensions>rc;ico;cur;bmp;dlg;rc2;rct;bin;rgs;gif;jpg;jpeg;jpe;resx;tiff;tif;png;wav;mfcribbon-ms</Extensions>
    </Filter>
    <Filter Include="States">
      <UniqueIdentifier>{270152c7-498f-4880-b9fe-dd6d4a1edce7}</UniqueIdentifier>
    </Filter>
    <Filter Include="Entities">
      <UniqueIdentifier>{180adfaf-5a4d-4447-b0a8-44496a6c0034}</UniqueIdentifier>
    </Filter>
    <Filter Include="Game">
      <UniqueIdentifier>{93995380-89BD-4b04-88EB-625FBE52EBFB}</UniqueIdentifier>
      <Extensions>h;hh;hpp;hxx;hm;inl;inc;ipp;xsd</Extensions>
    </Filter>
    <Filter Include="Map">
      <UniqueIdentifier>{14f3ec54-6ba7-41fb-95e9-270ac64f8988}</UniqueIdentifier>
    </Filter>
    <Filter Include="Other">
      <UniqueIdentifier>{912f32da-2a7f-440f-b900-77743c9cabbe}</UniqueIdentifier>
    </Filter>
    <Filter Include="MiniGames">
      <UniqueIdentifier>{43e3b080-effd-4e8f-9b03-5a2ff1c25365}</UniqueIdentifier>
    </Filter>
    <Filter Include="Entities\MiniGames">
      <UniqueIdentifier>{e48f4e06-d750-492d-a5ac-6918abc7a48f}</UniqueIdentifier>
    </Filter>
  </ItemGroup>
  <ItemGroup>
    <ClCompile Include="main.cpp">
      <Filter>Pliki źródłowe</Filter>
    </ClCompile>
    <ClCompile Include="State.cpp">
      <Filter>States</Filter>
    </ClCompile>
    <ClCompile Include="GameState.cpp">
      <Filter>States</Filter>
    </ClCompile>
    <ClCompile Include="Game.cpp">
      <Filter>Game</Filter>
    </ClCompile>
    <ClCompile Include="Entity.cpp">
      <Filter>Entities</Filter>
    </ClCompile>
    <ClCompile Include="Map.cpp">
      <Filter>Map</Filter>
    </ClCompile>
    <ClCompile Include="Player.cpp">
      <Filter>Entities</Filter>
    </ClCompile>
    <ClCompile Include="Score.cpp">
      <Filter>Other</Filter>
    </ClCompile>
    <ClCompile Include="NPC.cpp">
      <Filter>Entities</Filter>
    </ClCompile>
    <ClCompile Include="RPS.cpp">
      <Filter>MiniGames</Filter>
    </ClCompile>
  </ItemGroup>
  <ItemGroup>
    <ClInclude Include="Game.h">
      <Filter>Game</Filter>
    </ClInclude>
    <ClInclude Include="State.h">
      <Filter>States</Filter>
    </ClInclude>
    <ClInclude Include="GameState.h">
      <Filter>States</Filter>
    </ClInclude>
    <ClInclude Include="Entity.h">
      <Filter>Entities</Filter>
    </ClInclude>
    <ClInclude Include="Map.h">
      <Filter>Map</Filter>
    </ClInclude>
    <ClInclude Include="Player.h">
      <Filter>Entities</Filter>
    </ClInclude>
    <ClInclude Include="Score.h">
      <Filter>Other</Filter>
    </ClInclude>
    <ClInclude Include="NPC.h">
      <Filter>Entities</Filter>
    </ClInclude>
    <ClInclude Include="RPS.h">
      <Filter>MiniGames</Filter>
    </ClInclude>
  </ItemGroup>
  <ItemGroup>
    <Image Include="house.png">
      <Filter>Pliki zasobów</Filter>
    </Image>
  </ItemGroup>
</Project>